
Microsoft Visual Studio Solution File, Format Version 12.00
# Visual Studio Version 17
VisualStudioVersion = 17.9.34622.214
MinimumVisualStudioVersion = 10.0.40219.1
Project("{FAE04EC0-301F-11D3-BF4B-00C04F79EFBC}") = "VulkanTest", "VulkanTest\VulkanTest.csproj", "{A7B3E4E4-66C7-49DA-92BB-1E9B2E91CEC6}"
EndProject
Global
	GlobalSection(SolutionConfigurationPlatforms) = preSolution
		Debug|Any CPU = Debug|Any CPU
		Release|Any CPU = Release|Any CPU
	EndGlobalSection
	GlobalSection(ProjectConfigurationPlatforms) = postSolution
		{A7B3E4E4-66C7-49DA-92BB-1E9B2E91CEC6}.Debug|Any CPU.ActiveCfg = Debug|Any CPU
		{A7B3E4E4-66C7-49DA-92BB-1E9B2E91CEC6}.Debug|Any CPU.Build.0 = Debug|Any CPU
		{A7B3E4E4-66C7-49DA-92BB-1E9B2E91CEC6}.Release|Any CPU.ActiveCfg = Release|Any CPU
		{A7B3E4E4-66C7-49DA-92BB-1E9B2E91CEC6}.Release|Any CPU.Build.0 = Release|Any CPU
	EndGlobalSection
	GlobalSection(SolutionProperties) = preSolution
		HideSolutionNode = FALSE
	EndGlobalSection
	GlobalSection(ExtensibilityGlobals) = postSolution
		SolutionGuid = {EB360196-E3F8-4E50-B9AB-3742D9B67DB2}
	EndGlobalSection
EndGlobal
